
Microsoft Visual Studio Solution File, Format Version 12.00
# Visual Studio Version 17
VisualStudioVersion = 17.9.34902.65
MinimumVisualStudioVersion = 10.0.40219.1
Project("{FAE04EC0-301F-11D3-BF4B-00C04F79EFBC}") = "Todo app", "Todo app\Todo app.csproj", "{98FB8978-A8D2-43A5-A456-E8E431C3A104}"
EndProject
Global
	GlobalSection(SolutionConfigurationPlatforms) = preSolution
		Debug|Any CPU = Debug|Any CPU
		Release|Any CPU = Release|Any CPU
	EndGlobalSection
	GlobalSection(ProjectConfigurationPlatforms) = postSolution
		{98FB8978-A8D2-43A5-A456-E8E431C3A104}.Debug|Any CPU.ActiveCfg = Debug|Any CPU
		{98FB8978-A8D2-43A5-A456-E8E431C3A104}.Debug|Any CPU.Build.0 = Debug|Any CPU
		{98FB8978-A8D2-43A5-A456-E8E431C3A104}.Release|Any CPU.ActiveCfg = Release|Any CPU
		{98FB8978-A8D2-43A5-A456-E8E431C3A104}.Release|Any CPU.Build.0 = Release|Any CPU
	EndGlobalSection
	GlobalSection(SolutionProperties) = preSolution
		HideSolutionNode = FALSE
	EndGlobalSection
	GlobalSection(ExtensibilityGlobals) = postSolution
		SolutionGuid = {77E7B8F9-0504-4F71-B4FF-76684A52D018}
	EndGlobalSection
EndGlobal
